
Microsoft Visual Studio Solution File, Format Version 12.00
# Visual Studio 15
Project("{FAE04EC0-301F-11D3-BF4B-00C04F79EFBC}") = "Mirror", "Mirror.csproj", "{491E1868-19DC-8742-D73A-DD43FB126589}"
EndProject
Project("{FAE04EC0-301F-11D3-BF4B-00C04F79EFBC}") = "SimpleWebTransport", "SimpleWebTransport.csproj", "{F5206E87-8B8F-F227-4777-AB1D29C629E3}"
EndProject
Project("{FAE04EC0-301F-11D3-BF4B-00C04F79EFBC}") = "Mirror.Examples", "Mirror.Examples.csproj", "{F102884A-CF54-978C-DB54-AA938DB5C6E5}"
EndProject
Project("{FAE04EC0-301F-11D3-BF4B-00C04F79EFBC}") = "Mirror.Components", "Mirror.Components.csproj", "{1A12B643-31B0-1C31-B5BB-7CD8A3983285}"
EndProject
Project("{FAE04EC0-301F-11D3-BF4B-00C04F79EFBC}") = "kcp2k", "kcp2k.csproj", "{1724D911-F35E-A3DA-670F-7BDEAD3291BA}"
EndProject
Project("{FAE04EC0-301F-11D3-BF4B-00C04F79EFBC}") = "Telepathy", "Telepathy.csproj", "{32A04DF6-C0E3-92E4-8A8F-C285EE5459C4}"
EndProject
Project("{FAE04EC0-301F-11D3-BF4B-00C04F79EFBC}") = "Mirror.Authenticators", "Mirror.Authenticators.csproj", "{5838AD29-CEEB-5636-D688-09AB0B5B9D97}"
EndProject
Project("{FAE04EC0-301F-11D3-BF4B-00C04F79EFBC}") = "where-allocations", "where-allocations.csproj", "{06818D4B-5531-E3C1-63E7-F3536537A756}"
EndProject
Project("{FAE04EC0-301F-11D3-BF4B-00C04F79EFBC}") = "Assembly-CSharp", "Assembly-CSharp.csproj", "{61429D96-4564-8E6C-4C31-F91C949B78AC}"
EndProject
Project("{FAE04EC0-301F-11D3-BF4B-00C04F79EFBC}") = "Unity.Mirror.CodeGen", "Unity.Mirror.CodeGen.csproj", "{E524C946-2146-2D8B-20EF-93B01857FB87}"
EndProject
Project("{FAE04EC0-301F-11D3-BF4B-00C04F79EFBC}") = "Mirror.Editor", "Mirror.Editor.csproj", "{D4ACA632-7AD7-6233-EA13-C61B0AC84A60}"
EndProject
Project("{FAE04EC0-301F-11D3-BF4B-00C04F79EFBC}") = "Mirror.CompilerSymbols", "Mirror.CompilerSymbols.csproj", "{F519447C-B652-14B5-9E59-551CACDED4E1}"
EndProject
Global
	GlobalSection(SolutionConfigurationPlatforms) = preSolution
		Debug|Any CPU = Debug|Any CPU
		Release|Any CPU = Release|Any CPU
	EndGlobalSection
	GlobalSection(ProjectConfigurationPlatforms) = postSolution
		{491E1868-19DC-8742-D73A-DD43FB126589}.Debug|Any CPU.ActiveCfg = Debug|Any CPU
		{491E1868-19DC-8742-D73A-DD43FB126589}.Debug|Any CPU.Build.0 = Debug|Any CPU
		{491E1868-19DC-8742-D73A-DD43FB126589}.Release|Any CPU.ActiveCfg = Release|Any CPU
		{491E1868-19DC-8742-D73A-DD43FB126589}.Release|Any CPU.Build.0 = Release|Any CPU
		{F5206E87-8B8F-F227-4777-AB1D29C629E3}.Debug|Any CPU.ActiveCfg = Debug|Any CPU
		{F5206E87-8B8F-F227-4777-AB1D29C629E3}.Debug|Any CPU.Build.0 = Debug|Any CPU
		{F5206E87-8B8F-F227-4777-AB1D29C629E3}.Release|Any CPU.ActiveCfg = Release|Any CPU
		{F5206E87-8B8F-F227-4777-AB1D29C629E3}.Release|Any CPU.Build.0 = Release|Any CPU
		{F102884A-CF54-978C-DB54-AA938DB5C6E5}.Debug|Any CPU.ActiveCfg = Debug|Any CPU
		{F102884A-CF54-978C-DB54-AA938DB5C6E5}.Debug|Any CPU.Build.0 = Debug|Any CPU
		{F102884A-CF54-978C-DB54-AA938DB5C6E5}.Release|Any CPU.ActiveCfg = Release|Any CPU
		{F102884A-CF54-978C-DB54-AA938DB5C6E5}.Release|Any CPU.Build.0 = Release|Any CPU
		{1A12B643-31B0-1C31-B5BB-7CD8A3983285}.Debug|Any CPU.ActiveCfg = Debug|Any CPU
		{1A12B643-31B0-1C31-B5BB-7CD8A3983285}.Debug|Any CPU.Build.0 = Debug|Any CPU
		{1A12B643-31B0-1C31-B5BB-7CD8A3983285}.Release|Any CPU.ActiveCfg = Release|Any CPU
		{1A12B643-31B0-1C31-B5BB-7CD8A3983285}.Release|Any CPU.Build.0 = Release|Any CPU
		{1724D911-F35E-A3DA-670F-7BDEAD3291BA}.Debug|Any CPU.ActiveCfg = Debug|Any CPU
		{1724D911-F35E-A3DA-670F-7BDEAD3291BA}.Debug|Any CPU.Build.0 = Debug|Any CPU
		{1724D911-F35E-A3DA-670F-7BDEAD3291BA}.Release|Any CPU.ActiveCfg = Release|Any CPU
		{1724D911-F35E-A3DA-670F-7BDEAD3291BA}.Release|Any CPU.Build.0 = Release|Any CPU
		{32A04DF6-C0E3-92E4-8A8F-C285EE5459C4}.Debug|Any CPU.ActiveCfg = Debug|Any CPU
		{32A04DF6-C0E3-92E4-8A8F-C285EE5459C4}.Debug|Any CPU.Build.0 = Debug|Any CPU
		{32A04DF6-C0E3-92E4-8A8F-C285EE5459C4}.Release|Any CPU.ActiveCfg = Release|Any CPU
		{32A04DF6-C0E3-92E4-8A8F-C285EE5459C4}.Release|Any CPU.Build.0 = Release|Any CPU
		{5838AD29-CEEB-5636-D688-09AB0B5B9D97}.Debug|Any CPU.ActiveCfg = Debug|Any CPU
		{5838AD29-CEEB-5636-D688-09AB0B5B9D97}.Debug|Any CPU.Build.0 = Debug|Any CPU
		{5838AD29-CEEB-5636-D688-09AB0B5B9D97}.Release|Any CPU.ActiveCfg = Release|Any CPU
		{5838AD29-CEEB-5636-D688-09AB0B5B9D97}.Release|Any CPU.Build.0 = Release|Any CPU
		{06818D4B-5531-E3C1-63E7-F3536537A756}.Debug|Any CPU.ActiveCfg = Debug|Any CPU
		{06818D4B-5531-E3C1-63E7-F3536537A756}.Debug|Any CPU.Build.0 = Debug|Any CPU
		{06818D4B-5531-E3C1-63E7-F3536537A756}.Release|Any CPU.ActiveCfg = Release|Any CPU
		{06818D4B-5531-E3C1-63E7-F3536537A756}.Release|Any CPU.Build.0 = Release|Any CPU
		{61429D96-4564-8E6C-4C31-F91C949B78AC}.Debug|Any CPU.ActiveCfg = Debug|Any CPU
		{61429D96-4564-8E6C-4C31-F91C949B78AC}.Debug|Any CPU.Build.0 = Debug|Any CPU
		{61429D96-4564-8E6C-4C31-F91C949B78AC}.Release|Any CPU.ActiveCfg = Release|Any CPU
		{61429D96-4564-8E6C-4C31-F91C949B78AC}.Release|Any CPU.Build.0 = Release|Any CPU
		{E524C946-2146-2D8B-20EF-93B01857FB87}.Debug|Any CPU.ActiveCfg = Debug|Any CPU
		{E524C946-2146-2D8B-20EF-93B01857FB87}.Debug|Any CPU.Build.0 = Debug|Any CPU
		{E524C946-2146-2D8B-20EF-93B01857FB87}.Release|Any CPU.ActiveCfg = Release|Any CPU
		{E524C946-2146-2D8B-20EF-93B01857FB87}.Release|Any CPU.Build.0 = Release|Any CPU
		{D4ACA632-7AD7-6233-EA13-C61B0AC84A60}.Debug|Any CPU.ActiveCfg = Debug|Any CPU
		{D4ACA632-7AD7-6233-EA13-C61B0AC84A60}.Debug|Any CPU.Build.0 = Debug|Any CPU
		{D4ACA632-7AD7-6233-EA13-C61B0AC84A60}.Release|Any CPU.ActiveCfg = Release|Any CPU
		{D4ACA632-7AD7-6233-EA13-C61B0AC84A60}.Release|Any CPU.Build.0 = Release|Any CPU
		{F519447C-B652-14B5-9E59-551CACDED4E1}.Debug|Any CPU.ActiveCfg = Debug|Any CPU
		{F519447C-B652-14B5-9E59-551CACDED4E1}.Debug|Any CPU.Build.0 = Debug|Any CPU
		{F519447C-B652-14B5-9E59-551CACDED4E1}.Release|Any CPU.ActiveCfg = Release|Any CPU
		{F519447C-B652-14B5-9E59-551CACDED4E1}.Release|Any CPU.Build.0 = Release|Any CPU
	EndGlobalSection
	GlobalSection(SolutionProperties) = preSolution
		HideSolutionNode = FALSE
	EndGlobalSection
EndGlobal
