
Microsoft Visual Studio Solution File, Format Version 12.00
# Visual Studio 15
Project("{FAE04EC0-301F-11D3-BF4B-00C04F79EFBC}") = "Mirror", "Mirror.csproj", "{A305A366-5C9A-3147-220C-D0D642683A1A}"
EndProject
Project("{FAE04EC0-301F-11D3-BF4B-00C04F79EFBC}") = "SimpleWebTransport", "SimpleWebTransport.csproj", "{FBD1893B-2A49-DCB7-A442-470151C868FB}"
EndProject
Project("{FAE04EC0-301F-11D3-BF4B-00C04F79EFBC}") = "Mirror.Examples", "Mirror.Examples.csproj", "{6F3112DC-0797-F528-EEC1-A885D46E7525}"
EndProject
Project("{FAE04EC0-301F-11D3-BF4B-00C04F79EFBC}") = "Mirror.Components", "Mirror.Components.csproj", "{70DC3564-F25B-A83B-9853-C34356251AF3}"
EndProject
Project("{FAE04EC0-301F-11D3-BF4B-00C04F79EFBC}") = "Assembly-CSharp", "Assembly-CSharp.csproj", "{1D48FD42-6D8A-6BF5-920A-5E0E423CD190}"
EndProject
Project("{FAE04EC0-301F-11D3-BF4B-00C04F79EFBC}") = "kcp2k", "kcp2k.csproj", "{B5EBB9E5-FC7C-4D6F-551A-470C672E88E6}"
EndProject
Project("{FAE04EC0-301F-11D3-BF4B-00C04F79EFBC}") = "Telepathy", "Telepathy.csproj", "{35CB73E4-679F-06A5-23EA-193983FD79DD}"
EndProject
Project("{FAE04EC0-301F-11D3-BF4B-00C04F79EFBC}") = "Mirror.Authenticators", "Mirror.Authenticators.csproj", "{FA2AC94F-9F0B-641F-87E8-5111894BC8BA}"
EndProject
Project("{FAE04EC0-301F-11D3-BF4B-00C04F79EFBC}") = "where-allocations", "where-allocations.csproj", "{6DB99BCF-85A1-6373-1153-D00D4C528C97}"
EndProject
Project("{FAE04EC0-301F-11D3-BF4B-00C04F79EFBC}") = "Unity.Mirror.CodeGen", "Unity.Mirror.CodeGen.csproj", "{3FA157B8-E6AE-3E4A-98CF-F3106260B476}"
EndProject
Project("{FAE04EC0-301F-11D3-BF4B-00C04F79EFBC}") = "Mirror.Editor", "Mirror.Editor.csproj", "{772CDAEC-C496-98E1-34FA-01B48544ADFA}"
EndProject
Project("{FAE04EC0-301F-11D3-BF4B-00C04F79EFBC}") = "Mirror.CompilerSymbols", "Mirror.CompilerSymbols.csproj", "{B641B523-DDDB-9375-2AA2-11C838829CDD}"
EndProject
Global
	GlobalSection(SolutionConfigurationPlatforms) = preSolution
		Debug|Any CPU = Debug|Any CPU
		Release|Any CPU = Release|Any CPU
	EndGlobalSection
	GlobalSection(ProjectConfigurationPlatforms) = postSolution
		{A305A366-5C9A-3147-220C-D0D642683A1A}.Debug|Any CPU.ActiveCfg = Debug|Any CPU
		{A305A366-5C9A-3147-220C-D0D642683A1A}.Debug|Any CPU.Build.0 = Debug|Any CPU
		{A305A366-5C9A-3147-220C-D0D642683A1A}.Release|Any CPU.ActiveCfg = Release|Any CPU
		{A305A366-5C9A-3147-220C-D0D642683A1A}.Release|Any CPU.Build.0 = Release|Any CPU
		{FBD1893B-2A49-DCB7-A442-470151C868FB}.Debug|Any CPU.ActiveCfg = Debug|Any CPU
		{FBD1893B-2A49-DCB7-A442-470151C868FB}.Debug|Any CPU.Build.0 = Debug|Any CPU
		{FBD1893B-2A49-DCB7-A442-470151C868FB}.Release|Any CPU.ActiveCfg = Release|Any CPU
		{FBD1893B-2A49-DCB7-A442-470151C868FB}.Release|Any CPU.Build.0 = Release|Any CPU
		{6F3112DC-0797-F528-EEC1-A885D46E7525}.Debug|Any CPU.ActiveCfg = Debug|Any CPU
		{6F3112DC-0797-F528-EEC1-A885D46E7525}.Debug|Any CPU.Build.0 = Debug|Any CPU
		{6F3112DC-0797-F528-EEC1-A885D46E7525}.Release|Any CPU.ActiveCfg = Release|Any CPU
		{6F3112DC-0797-F528-EEC1-A885D46E7525}.Release|Any CPU.Build.0 = Release|Any CPU
		{70DC3564-F25B-A83B-9853-C34356251AF3}.Debug|Any CPU.ActiveCfg = Debug|Any CPU
		{70DC3564-F25B-A83B-9853-C34356251AF3}.Debug|Any CPU.Build.0 = Debug|Any CPU
		{70DC3564-F25B-A83B-9853-C34356251AF3}.Release|Any CPU.ActiveCfg = Release|Any CPU
		{70DC3564-F25B-A83B-9853-C34356251AF3}.Release|Any CPU.Build.0 = Release|Any CPU
		{1D48FD42-6D8A-6BF5-920A-5E0E423CD190}.Debug|Any CPU.ActiveCfg = Debug|Any CPU
		{1D48FD42-6D8A-6BF5-920A-5E0E423CD190}.Debug|Any CPU.Build.0 = Debug|Any CPU
		{1D48FD42-6D8A-6BF5-920A-5E0E423CD190}.Release|Any CPU.ActiveCfg = Release|Any CPU
		{1D48FD42-6D8A-6BF5-920A-5E0E423CD190}.Release|Any CPU.Build.0 = Release|Any CPU
		{B5EBB9E5-FC7C-4D6F-551A-470C672E88E6}.Debug|Any CPU.ActiveCfg = Debug|Any CPU
		{B5EBB9E5-FC7C-4D6F-551A-470C672E88E6}.Debug|Any CPU.Build.0 = Debug|Any CPU
		{B5EBB9E5-FC7C-4D6F-551A-470C672E88E6}.Release|Any CPU.ActiveCfg = Release|Any CPU
		{B5EBB9E5-FC7C-4D6F-551A-470C672E88E6}.Release|Any CPU.Build.0 = Release|Any CPU
		{35CB73E4-679F-06A5-23EA-193983FD79DD}.Debug|Any CPU.ActiveCfg = Debug|Any CPU
		{35CB73E4-679F-06A5-23EA-193983FD79DD}.Debug|Any CPU.Build.0 = Debug|Any CPU
		{35CB73E4-679F-06A5-23EA-193983FD79DD}.Release|Any CPU.ActiveCfg = Release|Any CPU
		{35CB73E4-679F-06A5-23EA-193983FD79DD}.Release|Any CPU.Build.0 = Release|Any CPU
		{FA2AC94F-9F0B-641F-87E8-5111894BC8BA}.Debug|Any CPU.ActiveCfg = Debug|Any CPU
		{FA2AC94F-9F0B-641F-87E8-5111894BC8BA}.Debug|Any CPU.Build.0 = Debug|Any CPU
		{FA2AC94F-9F0B-641F-87E8-5111894BC8BA}.Release|Any CPU.ActiveCfg = Release|Any CPU
		{FA2AC94F-9F0B-641F-87E8-5111894BC8BA}.Release|Any CPU.Build.0 = Release|Any CPU
		{6DB99BCF-85A1-6373-1153-D00D4C528C97}.Debug|Any CPU.ActiveCfg = Debug|Any CPU
		{6DB99BCF-85A1-6373-1153-D00D4C528C97}.Debug|Any CPU.Build.0 = Debug|Any CPU
		{6DB99BCF-85A1-6373-1153-D00D4C528C97}.Release|Any CPU.ActiveCfg = Release|Any CPU
		{6DB99BCF-85A1-6373-1153-D00D4C528C97}.Release|Any CPU.Build.0 = Release|Any CPU
		{3FA157B8-E6AE-3E4A-98CF-F3106260B476}.Debug|Any CPU.ActiveCfg = Debug|Any CPU
		{3FA157B8-E6AE-3E4A-98CF-F3106260B476}.Debug|Any CPU.Build.0 = Debug|Any CPU
		{3FA157B8-E6AE-3E4A-98CF-F3106260B476}.Release|Any CPU.ActiveCfg = Release|Any CPU
		{3FA157B8-E6AE-3E4A-98CF-F3106260B476}.Release|Any CPU.Build.0 = Release|Any CPU
		{772CDAEC-C496-98E1-34FA-01B48544ADFA}.Debug|Any CPU.ActiveCfg = Debug|Any CPU
		{772CDAEC-C496-98E1-34FA-01B48544ADFA}.Debug|Any CPU.Build.0 = Debug|Any CPU
		{772CDAEC-C496-98E1-34FA-01B48544ADFA}.Release|Any CPU.ActiveCfg = Release|Any CPU
		{772CDAEC-C496-98E1-34FA-01B48544ADFA}.Release|Any CPU.Build.0 = Release|Any CPU
		{B641B523-DDDB-9375-2AA2-11C838829CDD}.Debug|Any CPU.ActiveCfg = Debug|Any CPU
		{B641B523-DDDB-9375-2AA2-11C838829CDD}.Debug|Any CPU.Build.0 = Debug|Any CPU
		{B641B523-DDDB-9375-2AA2-11C838829CDD}.Release|Any CPU.ActiveCfg = Release|Any CPU
		{B641B523-DDDB-9375-2AA2-11C838829CDD}.Release|Any CPU.Build.0 = Release|Any CPU
	EndGlobalSection
	GlobalSection(SolutionProperties) = preSolution
		HideSolutionNode = FALSE
	EndGlobalSection
EndGlobal
